
Microsoft Visual Studio Solution File, Format Version 12.00
# Visual Studio Version 16
VisualStudioVersion = 16.0.30104.148
MinimumVisualStudioVersion = 10.0.40219.1
Project("{FAE04EC0-301F-11D3-BF4B-00C04F79EFBC}") = "Method chaining", "Method chaining\Method chaining.csproj", "{15D72B4F-FE63-416A-A84C-733EC3163BC4}"
EndProject
Project("{FAE04EC0-301F-11D3-BF4B-00C04F79EFBC}") = "Method chaining library", "Method chaining library\Method chaining library.csproj", "{AA38A546-4CE0-454A-BFC9-D7E33323B300}"
	ProjectSection(ProjectDependencies) = postProject
		{15D72B4F-FE63-416A-A84C-733EC3163BC4} = {15D72B4F-FE63-416A-A84C-733EC3163BC4}
	EndProjectSection
EndProject
Global
	GlobalSection(SolutionConfigurationPlatforms) = preSolution
		Debug|Any CPU = Debug|Any CPU
		Release|Any CPU = Release|Any CPU
	EndGlobalSection
	GlobalSection(ProjectConfigurationPlatforms) = postSolution
		{15D72B4F-FE63-416A-A84C-733EC3163BC4}.Debug|Any CPU.ActiveCfg = Debug|Any CPU
		{15D72B4F-FE63-416A-A84C-733EC3163BC4}.Debug|Any CPU.Build.0 = Debug|Any CPU
		{15D72B4F-FE63-416A-A84C-733EC3163BC4}.Release|Any CPU.ActiveCfg = Release|Any CPU
		{15D72B4F-FE63-416A-A84C-733EC3163BC4}.Release|Any CPU.Build.0 = Release|Any CPU
		{AA38A546-4CE0-454A-BFC9-D7E33323B300}.Debug|Any CPU.ActiveCfg = Debug|Any CPU
		{AA38A546-4CE0-454A-BFC9-D7E33323B300}.Debug|Any CPU.Build.0 = Debug|Any CPU
		{AA38A546-4CE0-454A-BFC9-D7E33323B300}.Release|Any CPU.ActiveCfg = Release|Any CPU
		{AA38A546-4CE0-454A-BFC9-D7E33323B300}.Release|Any CPU.Build.0 = Release|Any CPU
	EndGlobalSection
	GlobalSection(SolutionProperties) = preSolution
		HideSolutionNode = FALSE
	EndGlobalSection
	GlobalSection(ExtensibilityGlobals) = postSolution
		SolutionGuid = {F00FC3A4-AC60-4DED-B3FD-F46C61FDC832}
	EndGlobalSection
EndGlobal
